
Microsoft Visual Studio Solution File, Format Version 12.00
# Visual Studio Version 17
VisualStudioVersion = 17.14.36930.0 d17.14
MinimumVisualStudioVersion = 10.0.40219.1
Project("{FAE04EC0-301F-11D3-BF4B-00C04F79EFBC}") = "Chatter", "Chatter.csproj", "{19EC75EB-5D24-4F74-ABD6-6C4B5E65A811}"
EndProject
Global
	GlobalSection(SolutionConfigurationPlatforms) = preSolution
		Debug|Any CPU = Debug|Any CPU
		Release|Any CPU = Release|Any CPU
	EndGlobalSection
	GlobalSection(ProjectConfigurationPlatforms) = postSolution
		{19EC75EB-5D24-4F74-ABD6-6C4B5E65A811}.Debug|Any CPU.ActiveCfg = Debug|Any CPU
		{19EC75EB-5D24-4F74-ABD6-6C4B5E65A811}.Debug|Any CPU.Build.0 = Debug|Any CPU
		{19EC75EB-5D24-4F74-ABD6-6C4B5E65A811}.Release|Any CPU.ActiveCfg = Release|Any CPU
		{19EC75EB-5D24-4F74-ABD6-6C4B5E65A811}.Release|Any CPU.Build.0 = Release|Any CPU
	EndGlobalSection
	GlobalSection(SolutionProperties) = preSolution
		HideSolutionNode = FALSE
	EndGlobalSection
	GlobalSection(ExtensibilityGlobals) = postSolution
		SolutionGuid = {1C5840D7-3301-4114-9ECB-088808DAC234}
	EndGlobalSection
EndGlobal
